
Microsoft Visual Studio Solution File, Format Version 12.00
# Visual Studio Version 17
VisualStudioVersion = 17.6.33829.357
MinimumVisualStudioVersion = 10.0.40219.1
Project("{FAE04EC0-301F-11D3-BF4B-00C04F79EFBC}") = "webidentiy", "webidentiy\webidentiy.csproj", "{E3874318-BFFC-4F9F-AEF2-494285B74362}"
EndProject
Global
	GlobalSection(SolutionConfigurationPlatforms) = preSolution
		Debug|Any CPU = Debug|Any CPU
		Release|Any CPU = Release|Any CPU
	EndGlobalSection
	GlobalSection(ProjectConfigurationPlatforms) = postSolution
		{E3874318-BFFC-4F9F-AEF2-494285B74362}.Debug|Any CPU.ActiveCfg = Debug|Any CPU
		{E3874318-BFFC-4F9F-AEF2-494285B74362}.Debug|Any CPU.Build.0 = Debug|Any CPU
		{E3874318-BFFC-4F9F-AEF2-494285B74362}.Release|Any CPU.ActiveCfg = Release|Any CPU
		{E3874318-BFFC-4F9F-AEF2-494285B74362}.Release|Any CPU.Build.0 = Release|Any CPU
	EndGlobalSection
	GlobalSection(SolutionProperties) = preSolution
		HideSolutionNode = FALSE
	EndGlobalSection
	GlobalSection(ExtensibilityGlobals) = postSolution
		SolutionGuid = {705382B2-9827-412C-B5DD-B174847E638E}
	EndGlobalSection
EndGlobal
